<?xml version="1.0" encoding="utf-8"?>
<Project ToolsVersion="4.0" xmlns="http://schemas.microsoft.com/developer/msbuild/2003">
  <ItemGroup>
    <Filter Include="Source Files">
      <UniqueIdentifier>{4FC737F1-C7A5-4376-A066-2A32D752A2FF}</UniqueIdentifier>
      <Extensions>cpp;c;cc;cxx;def;odl;idl;hpj;bat;asm;asmx</Extensions>
    </Filter>
    <Filter Include="Header Files">
      <UniqueIdentifier>{93995380-89BD-4b04-88EB-625FBE52EBFB}</UniqueIdentifier>
      <Extensions>h;hh;hpp;hxx;hm;inl;inc;ipp;xsd</Extensions>
    </Filter>
    <Filter Include="Resource Files">
      <UniqueIdentifier>{67DA6AB6-F800-4c08-8B7A-83BB121AAD01}</UniqueIdentifier>
      <Extensions>rc;ico;cur;bmp;dlg;rc2;rct;bin;rgs;gif;jpg;jpeg;jpe;resx;tiff;tif;png;wav;mfcribbon-ms</Extensions>
    </Filter>
  </ItemGroup>
  <ItemGroup>
    <ClCompile Include="include\RHR\ui\Button.cpp">
      <Filter>Source Files</Filter>
    </ClCompile>
    <ClCompile Include="include\RHR\ui\TypingSystem.cpp">
      <Filter>Source Files</Filter>
    </ClCompile>
    <ClCompile Include="include\RHR\handlers\MessageHandler.cpp">
      <Filter>Source Files</Filter>
    </ClCompile>
    <ClCompile Include="include\RHR\handlers\ProjectHandler.cpp">
      <Filter>Source Files</Filter>
    </ClCompile>
    <ClCompile Include="include\RHR\registries\ButtonRegistry.cpp">
      <Filter>Source Files</Filter>
    </ClCompile>
    <ClCompile Include="include\RHR\registries\ShaderRegistry.cpp">
      <Filter>Source Files</Filter>
    </ClCompile>
    <ClCompile Include="include\RHR\stacking\args\Argument.cpp">
      <Filter>Source Files</Filter>
    </ClCompile>
    <ClCompile Include="include\RHR\stacking\Block.cpp">
      <Filter>Source Files</Filter>
    </ClCompile>
    <ClCompile Include="include\RHR\stacking\Plane.cpp">
      <Filter>Source Files</Filter>
    </ClCompile>
    <ClCompile Include="include\RHR\stacking\Stack.cpp">
      <Filter>Source Files</Filter>
    </ClCompile>
    <ClCompile Include="include\RHR\Global.cpp">
      <Filter>Source Files</Filter>
    </ClCompile>
    <ClCompile Include="include\RHR\registries\BlockRegistry.cpp">
      <Filter>Source Files</Filter>
    </ClCompile>
    <ClCompile Include="include\RHR\StatmentIf.cpp">
      <Filter>Source Files</Filter>
    </ClCompile>
    <ClCompile Include="include\RHR\handlers\StatmentHandler.cpp">
      <Filter>Source Files</Filter>
    </ClCompile>
    <ClCompile Include="include\RHR\handlers\runtime\Preprocessor.cpp">
      <Filter>Source Files</Filter>
    </ClCompile>
  </ItemGroup>
  <ItemGroup>
    <ClInclude Include="include\RHR\ui\Button.h">
      <Filter>Header Files</Filter>
    </ClInclude>
    <ClInclude Include="include\RHR\ui\TypingSystem.h">
      <Filter>Header Files</Filter>
    </ClInclude>
    <ClInclude Include="include\RHR\handlers\MessageHandler.h">
      <Filter>Header Files</Filter>
    </ClInclude>
    <ClInclude Include="include\RHR\handlers\ProjectHandler.h">
      <Filter>Header Files</Filter>
    </ClInclude>
    <ClInclude Include="include\RHR\registries\ButtonRegistry.h">
      <Filter>Header Files</Filter>
    </ClInclude>
    <ClInclude Include="include\RHR\registries\ShaderRegistry.h">
      <Filter>Header Files</Filter>
    </ClInclude>
    <ClInclude Include="include\RHR\stacking\args\Argument.h">
      <Filter>Header Files</Filter>
    </ClInclude>
    <ClInclude Include="include\RHR\stacking\args\ArgumentBoolean.h">
      <Filter>Header Files</Filter>
    </ClInclude>
    <ClInclude Include="include\RHR\stacking\args\ArgumentString.h">
      <Filter>Header Files</Filter>
    </ClInclude>
    <ClInclude Include="include\RHR\stacking\args\ArgumentText.h">
      <Filter>Header Files</Filter>
    </ClInclude>
    <ClInclude Include="include\RHR\stacking\args\ArgumetReal.h">
      <Filter>Header Files</Filter>
    </ClInclude>
    <ClInclude Include="include\RHR\stacking\Block.h">
      <Filter>Header Files</Filter>
    </ClInclude>
    <ClInclude Include="include\RHR\stacking\Plane.h">
      <Filter>Header Files</Filter>
    </ClInclude>
    <ClInclude Include="include\RHR\stacking\Stack.h">
      <Filter>Header Files</Filter>
    </ClInclude>
    <ClInclude Include="include\RHR\Global.h">
      <Filter>Header Files</Filter>
    </ClInclude>
    <ClInclude Include="include\RHR\RHR.h">
      <Filter>Header Files</Filter>
    </ClInclude>
    <ClInclude Include="include\RHR\registries\BlockRegistry.h">
      <Filter>Header Files</Filter>
    </ClInclude>
    <ClInclude Include="include\RHR\StatmentIf.h">
      <Filter>Header Files</Filter>
    </ClInclude>
    <ClInclude Include="include\RHR\ArgumentEssentials.h">
      <Filter>Header Files</Filter>
    </ClInclude>
    <ClInclude Include="include\RHR\config.h">
      <Filter>Header Files</Filter>
    </ClInclude>
    <ClInclude Include="include\RHR\handlers\StatmentHandler.h">
      <Filter>Header Files</Filter>
    </ClInclude>
    <ClInclude Include="include\RHR\handlers\runtime\Preprocessor.h">
      <Filter>Header Files</Filter>
    </ClInclude>
  </ItemGroup>
  <ItemGroup>
    <None Include="include\RHR\registries\BlockRegistry.cpp~RF1e38886d.TMP" />
    <None Include="include\RHR\registries\BlockRegistry.h~RF1e274f11.TMP" />
  </ItemGroup>
</Project>